
Microsoft Visual Studio Solution File, Format Version 12.00
# Visual Studio Version 17
VisualStudioVersion = 17.10.35027.167
MinimumVisualStudioVersion = 10.0.40219.1
Project("{FAE04EC0-301F-11D3-BF4B-00C04F79EFBC}") = "37_3", "37_3.csproj", "{38469678-0105-41EC-9BBB-137D9C46C604}"
EndProject
Global
	GlobalSection(SolutionConfigurationPlatforms) = preSolution
		Debug|Any CPU = Debug|Any CPU
		Release|Any CPU = Release|Any CPU
	EndGlobalSection
	GlobalSection(ProjectConfigurationPlatforms) = postSolution
		{38469678-0105-41EC-9BBB-137D9C46C604}.Debug|Any CPU.ActiveCfg = Debug|Any CPU
		{38469678-0105-41EC-9BBB-137D9C46C604}.Debug|Any CPU.Build.0 = Debug|Any CPU
		{38469678-0105-41EC-9BBB-137D9C46C604}.Release|Any CPU.ActiveCfg = Release|Any CPU
		{38469678-0105-41EC-9BBB-137D9C46C604}.Release|Any CPU.Build.0 = Release|Any CPU
	EndGlobalSection
	GlobalSection(SolutionProperties) = preSolution
		HideSolutionNode = FALSE
	EndGlobalSection
	GlobalSection(ExtensibilityGlobals) = postSolution
		SolutionGuid = {492650FA-2F55-4B57-A7F8-8FC825EFA632}
	EndGlobalSection
EndGlobal
