
Microsoft Visual Studio Solution File, Format Version 12.00
# Visual Studio Version 17
VisualStudioVersion = 17.10.35027.167
MinimumVisualStudioVersion = 10.0.40219.1
Project("{FAE04EC0-301F-11D3-BF4B-00C04F79EFBC}") = "38_1", "38_1.csproj", "{024E298F-4016-4C31-93C6-46DDA78CC4F6}"
EndProject
Global
	GlobalSection(SolutionConfigurationPlatforms) = preSolution
		Debug|Any CPU = Debug|Any CPU
		Release|Any CPU = Release|Any CPU
	EndGlobalSection
	GlobalSection(ProjectConfigurationPlatforms) = postSolution
		{024E298F-4016-4C31-93C6-46DDA78CC4F6}.Debug|Any CPU.ActiveCfg = Debug|Any CPU
		{024E298F-4016-4C31-93C6-46DDA78CC4F6}.Debug|Any CPU.Build.0 = Debug|Any CPU
		{024E298F-4016-4C31-93C6-46DDA78CC4F6}.Release|Any CPU.ActiveCfg = Release|Any CPU
		{024E298F-4016-4C31-93C6-46DDA78CC4F6}.Release|Any CPU.Build.0 = Release|Any CPU
	EndGlobalSection
	GlobalSection(SolutionProperties) = preSolution
		HideSolutionNode = FALSE
	EndGlobalSection
	GlobalSection(ExtensibilityGlobals) = postSolution
		SolutionGuid = {E0D083F9-77A2-4922-BC4A-FBCCA0101CD8}
	EndGlobalSection
EndGlobal
