
Microsoft Visual Studio Solution File, Format Version 12.00
# Visual Studio Version 17
VisualStudioVersion = 17.10.35027.167
MinimumVisualStudioVersion = 10.0.40219.1
Project("{FAE04EC0-301F-11D3-BF4B-00C04F79EFBC}") = "38_2", "38_2.csproj", "{CC2B896A-4083-45CB-A585-C83AA49DF190}"
EndProject
Global
	GlobalSection(SolutionConfigurationPlatforms) = preSolution
		Debug|Any CPU = Debug|Any CPU
		Release|Any CPU = Release|Any CPU
	EndGlobalSection
	GlobalSection(ProjectConfigurationPlatforms) = postSolution
		{CC2B896A-4083-45CB-A585-C83AA49DF190}.Debug|Any CPU.ActiveCfg = Debug|Any CPU
		{CC2B896A-4083-45CB-A585-C83AA49DF190}.Debug|Any CPU.Build.0 = Debug|Any CPU
		{CC2B896A-4083-45CB-A585-C83AA49DF190}.Release|Any CPU.ActiveCfg = Release|Any CPU
		{CC2B896A-4083-45CB-A585-C83AA49DF190}.Release|Any CPU.Build.0 = Release|Any CPU
	EndGlobalSection
	GlobalSection(SolutionProperties) = preSolution
		HideSolutionNode = FALSE
	EndGlobalSection
	GlobalSection(ExtensibilityGlobals) = postSolution
		SolutionGuid = {D80FD69E-5372-4EAA-81D5-1C3F00D65BF9}
	EndGlobalSection
EndGlobal
